<Solution>
  <Project Path="VideoRent.API/VideoRent.API.csproj" Id="756f3b06-14c0-45a0-aace-83224d91c11a" />
  <Project Path="VideoRent.Business/VideoRent.Business.csproj" />
  <Project Path="VideoRent.Data/VideoRent.Data.csproj" />
  <Project Path="VideoRent.Domain/VideoRent.Domain.csproj" />
  <Project Path="VideoRent.Test/VideoRent.Test.csproj" />
</Solution>
