<Solution>
  <Project Path="VideoRent.Business/VideoRent.Business.csproj" />
  <Project Path="VideoRent.Data/VideoRent.Data.csproj" />
  <Project Path="VideoRent.Domain/VideoRent.Domain.csproj" />
  <Project Path="VideoRent.Test/VideoRent.Test.csproj" />
  <Project Path="VideoRent.WebApi/VideoRent.WebApi.csproj" Id="b8bf6c37-3857-4430-b21c-617ea5a0fdcb" />
</Solution>
